
Microsoft Visual Studio Solution File, Format Version 12.00
# Visual Studio 2013
VisualStudioVersion = 12.0.30723.0
MinimumVisualStudioVersion = 10.0.40219.1
Project("{FAE04EC0-301F-11D3-BF4B-00C04F79EFBC}") = "RandomNumberGenerator", "RandomNumberGenerator\RandomNumberGenerator.csproj", "{AC82FE0A-9F31-4822-82C0-78D0417A71DB}"
EndProject
Project("{FAE04EC0-301F-11D3-BF4B-00C04F79EFBC}") = "RandomNumberGeneratorWithWebControls", "RandomNumberGeneratorWithWebControls\RandomNumberGeneratorWithWebControls.csproj", "{22B66B88-FE93-46FA-8421-DDBBAF980836}"
EndProject
Project("{FAE04EC0-301F-11D3-BF4B-00C04F79EFBC}") = "EscapeAndShowEnteredMessage", "EscapeAndShowEnteredMessage\EscapeAndShowEnteredMessage.csproj", "{1504D96F-C0FF-40C6-AEB0-CD43F7CB63C2}"
EndProject
Project("{FAE04EC0-301F-11D3-BF4B-00C04F79EFBC}") = "StudentRegistrationForm", "StudentRegistrationForm\StudentRegistrationForm.csproj", "{9443951C-8492-4FD7-9533-987E4217033F}"
EndProject
Project("{FAE04EC0-301F-11D3-BF4B-00C04F79EFBC}") = "Calculator", "Calculator\Calculator.csproj", "{140DA072-14D1-4480-87BC-330CB389D1AB}"
EndProject
Global
	GlobalSection(SolutionConfigurationPlatforms) = preSolution
		Debug|Any CPU = Debug|Any CPU
		Release|Any CPU = Release|Any CPU
	EndGlobalSection
	GlobalSection(ProjectConfigurationPlatforms) = postSolution
		{AC82FE0A-9F31-4822-82C0-78D0417A71DB}.Debug|Any CPU.ActiveCfg = Debug|Any CPU
		{AC82FE0A-9F31-4822-82C0-78D0417A71DB}.Debug|Any CPU.Build.0 = Debug|Any CPU
		{AC82FE0A-9F31-4822-82C0-78D0417A71DB}.Release|Any CPU.ActiveCfg = Release|Any CPU
		{AC82FE0A-9F31-4822-82C0-78D0417A71DB}.Release|Any CPU.Build.0 = Release|Any CPU
		{22B66B88-FE93-46FA-8421-DDBBAF980836}.Debug|Any CPU.ActiveCfg = Debug|Any CPU
		{22B66B88-FE93-46FA-8421-DDBBAF980836}.Debug|Any CPU.Build.0 = Debug|Any CPU
		{22B66B88-FE93-46FA-8421-DDBBAF980836}.Release|Any CPU.ActiveCfg = Release|Any CPU
		{22B66B88-FE93-46FA-8421-DDBBAF980836}.Release|Any CPU.Build.0 = Release|Any CPU
		{1504D96F-C0FF-40C6-AEB0-CD43F7CB63C2}.Debug|Any CPU.ActiveCfg = Debug|Any CPU
		{1504D96F-C0FF-40C6-AEB0-CD43F7CB63C2}.Debug|Any CPU.Build.0 = Debug|Any CPU
		{1504D96F-C0FF-40C6-AEB0-CD43F7CB63C2}.Release|Any CPU.ActiveCfg = Release|Any CPU
		{1504D96F-C0FF-40C6-AEB0-CD43F7CB63C2}.Release|Any CPU.Build.0 = Release|Any CPU
		{9443951C-8492-4FD7-9533-987E4217033F}.Debug|Any CPU.ActiveCfg = Debug|Any CPU
		{9443951C-8492-4FD7-9533-987E4217033F}.Debug|Any CPU.Build.0 = Debug|Any CPU
		{9443951C-8492-4FD7-9533-987E4217033F}.Release|Any CPU.ActiveCfg = Release|Any CPU
		{9443951C-8492-4FD7-9533-987E4217033F}.Release|Any CPU.Build.0 = Release|Any CPU
		{140DA072-14D1-4480-87BC-330CB389D1AB}.Debug|Any CPU.ActiveCfg = Debug|Any CPU
		{140DA072-14D1-4480-87BC-330CB389D1AB}.Debug|Any CPU.Build.0 = Debug|Any CPU
		{140DA072-14D1-4480-87BC-330CB389D1AB}.Release|Any CPU.ActiveCfg = Release|Any CPU
		{140DA072-14D1-4480-87BC-330CB389D1AB}.Release|Any CPU.Build.0 = Release|Any CPU
	EndGlobalSection
	GlobalSection(SolutionProperties) = preSolution
		HideSolutionNode = FALSE
	EndGlobalSection
EndGlobal
